
Microsoft Visual Studio Solution File, Format Version 12.00
Project("{FAE04EC0-301F-11D3-BF4B-00C04F79EFBC}") = "WeatherForecast.Api", "WeatherForecast.Api\WeatherForecast.Api.csproj", "{9602A574-852C-45CB-8E5F-3E97487810FB}"
EndProject
Project("{FAE04EC0-301F-11D3-BF4B-00C04F79EFBC}") = "WeatherForecast.Api.Tests", "WeatherForecast.Api.Tests\WeatherForecast.Api.Tests.csproj", "{9E802CDD-5DC7-4F49-BB01-AADA1D8C4995}"
EndProject
Global
	GlobalSection(SolutionConfigurationPlatforms) = preSolution
		Debug|Any CPU = Debug|Any CPU
		Release|Any CPU = Release|Any CPU
	EndGlobalSection
	GlobalSection(ProjectConfigurationPlatforms) = postSolution
		{9602A574-852C-45CB-8E5F-3E97487810FB}.Debug|Any CPU.ActiveCfg = Debug|Any CPU
		{9602A574-852C-45CB-8E5F-3E97487810FB}.Debug|Any CPU.Build.0 = Debug|Any CPU
		{9602A574-852C-45CB-8E5F-3E97487810FB}.Release|Any CPU.ActiveCfg = Release|Any CPU
		{9602A574-852C-45CB-8E5F-3E97487810FB}.Release|Any CPU.Build.0 = Release|Any CPU
		{9E802CDD-5DC7-4F49-BB01-AADA1D8C4995}.Debug|Any CPU.ActiveCfg = Debug|Any CPU
		{9E802CDD-5DC7-4F49-BB01-AADA1D8C4995}.Debug|Any CPU.Build.0 = Debug|Any CPU
		{9E802CDD-5DC7-4F49-BB01-AADA1D8C4995}.Release|Any CPU.ActiveCfg = Release|Any CPU
		{9E802CDD-5DC7-4F49-BB01-AADA1D8C4995}.Release|Any CPU.Build.0 = Release|Any CPU
	EndGlobalSection
EndGlobal
